
Microsoft Visual Studio Solution File, Format Version 12.00
# Visual Studio Version 16
VisualStudioVersion = 16.0.30114.105
MinimumVisualStudioVersion = 10.0.40219.1
Project("{FAE04EC0-301F-11D3-BF4B-00C04F79EFBC}") = "Hotel01", "Hotel01\Hotel01.csproj", "{402B3E2C-219C-4637-A9FB-A174448D2D04}"
EndProject
Project("{FAE04EC0-301F-11D3-BF4B-00C04F79EFBC}") = "Hotel01.DAL", "Hotel01.DAL\Hotel01.DAL.csproj", "{6BF36D8C-A36B-48FC-95DE-1E146526112F}"
EndProject
Project("{FAE04EC0-301F-11D3-BF4B-00C04F79EFBC}") = "Hotel01.BLL", "Hotel01.BLL\Hotel01.BLL.csproj", "{65923BAB-6EB0-47BB-99A0-8E2B14BABAED}"
EndProject
Global
	GlobalSection(SolutionConfigurationPlatforms) = preSolution
		Debug|Any CPU = Debug|Any CPU
		Release|Any CPU = Release|Any CPU
	EndGlobalSection
	GlobalSection(ProjectConfigurationPlatforms) = postSolution
		{402B3E2C-219C-4637-A9FB-A174448D2D04}.Debug|Any CPU.ActiveCfg = Debug|Any CPU
		{402B3E2C-219C-4637-A9FB-A174448D2D04}.Debug|Any CPU.Build.0 = Debug|Any CPU
		{402B3E2C-219C-4637-A9FB-A174448D2D04}.Release|Any CPU.ActiveCfg = Release|Any CPU
		{402B3E2C-219C-4637-A9FB-A174448D2D04}.Release|Any CPU.Build.0 = Release|Any CPU
		{6BF36D8C-A36B-48FC-95DE-1E146526112F}.Debug|Any CPU.ActiveCfg = Debug|Any CPU
		{6BF36D8C-A36B-48FC-95DE-1E146526112F}.Debug|Any CPU.Build.0 = Debug|Any CPU
		{6BF36D8C-A36B-48FC-95DE-1E146526112F}.Release|Any CPU.ActiveCfg = Release|Any CPU
		{6BF36D8C-A36B-48FC-95DE-1E146526112F}.Release|Any CPU.Build.0 = Release|Any CPU
		{65923BAB-6EB0-47BB-99A0-8E2B14BABAED}.Debug|Any CPU.ActiveCfg = Debug|Any CPU
		{65923BAB-6EB0-47BB-99A0-8E2B14BABAED}.Debug|Any CPU.Build.0 = Debug|Any CPU
		{65923BAB-6EB0-47BB-99A0-8E2B14BABAED}.Release|Any CPU.ActiveCfg = Release|Any CPU
		{65923BAB-6EB0-47BB-99A0-8E2B14BABAED}.Release|Any CPU.Build.0 = Release|Any CPU
	EndGlobalSection
	GlobalSection(SolutionProperties) = preSolution
		HideSolutionNode = FALSE
	EndGlobalSection
	GlobalSection(ExtensibilityGlobals) = postSolution
		SolutionGuid = {20879EA4-2006-4243-85ED-CB32CBA971D9}
	EndGlobalSection
EndGlobal
